
Microsoft Visual Studio Solution File, Format Version 12.00
# Visual Studio Version 17
VisualStudioVersion = 17.9.34902.65
MinimumVisualStudioVersion = 10.0.40219.1
Project("{FAE04EC0-301F-11D3-BF4B-00C04F79EFBC}") = "Backend.WebHost", "TestCode\Backend.WebHost.csproj", "{03974BE7-C8D5-4565-B83A-284342B093A3}"
EndProject
Project("{2150E333-8FDC-42A3-9474-1A3956D46DE8}") = "BackEnd", "BackEnd", "{D06FDC5F-2A05-4FCE-9700-5F4099934077}"
EndProject
Project("{2150E333-8FDC-42A3-9474-1A3956D46DE8}") = "FrontEnd", "FrontEnd", "{5D56BDB1-FE21-4378-82FB-F21D73F30236}"
EndProject
Project("{FAE04EC0-301F-11D3-BF4B-00C04F79EFBC}") = "Frontend.WebUI", "TestFrontEnd\Frontend.WebUI.csproj", "{3AE1ABB1-AA6F-4EFB-BA94-211526EB65D3}"
EndProject
Project("{FAE04EC0-301F-11D3-BF4B-00C04F79EFBC}") = "Backend.Domain", "Backend.Domain\Backend.Domain.csproj", "{766FB655-F727-45CE-B788-CB2D6B4F8BB4}"
EndProject
Project("{FAE04EC0-301F-11D3-BF4B-00C04F79EFBC}") = "Backend.Dto", "Backend.Dto\Backend.Dto.csproj", "{38D00F7B-E637-498A-88C0-7D088B60B6C6}"
EndProject
Project("{FAE04EC0-301F-11D3-BF4B-00C04F79EFBC}") = "Backend.Entity", "Backend.Entity\Backend.Entity.csproj", "{2D0029BB-DA31-477B-957A-9CDE561B303B}"
EndProject
Project("{FAE04EC0-301F-11D3-BF4B-00C04F79EFBC}") = "Backend.Services", "Backend.IServices\Backend.Services.csproj", "{9C4FD1EF-1E0B-47AD-8DC0-968C1FC6DD26}"
EndProject
Project("{FAE04EC0-301F-11D3-BF4B-00C04F79EFBC}") = "Backend.Manager", "Backend.Manager\Backend.Manager.csproj", "{BA361599-80AA-4DA2-8620-04A8741549EB}"
EndProject
Project("{FAE04EC0-301F-11D3-BF4B-00C04F79EFBC}") = "Backend.Common", "Backend.Shared\Backend.Common.csproj", "{B1107E15-0FBA-4BB8-AF65-B5C8C741AD2A}"
EndProject
Project("{FAE04EC0-301F-11D3-BF4B-00C04F79EFBC}") = "Frontend.Web.Models", "Frontend.Web.Models\Frontend.Web.Models.csproj", "{0DFFB189-F67F-4C6F-B81C-210F0ABEF87C}"
EndProject
Global
	GlobalSection(SolutionConfigurationPlatforms) = preSolution
		Debug|Any CPU = Debug|Any CPU
		Release|Any CPU = Release|Any CPU
	EndGlobalSection
	GlobalSection(ProjectConfigurationPlatforms) = postSolution
		{03974BE7-C8D5-4565-B83A-284342B093A3}.Debug|Any CPU.ActiveCfg = Debug|Any CPU
		{03974BE7-C8D5-4565-B83A-284342B093A3}.Debug|Any CPU.Build.0 = Debug|Any CPU
		{03974BE7-C8D5-4565-B83A-284342B093A3}.Release|Any CPU.ActiveCfg = Release|Any CPU
		{03974BE7-C8D5-4565-B83A-284342B093A3}.Release|Any CPU.Build.0 = Release|Any CPU
		{3AE1ABB1-AA6F-4EFB-BA94-211526EB65D3}.Debug|Any CPU.ActiveCfg = Debug|Any CPU
		{3AE1ABB1-AA6F-4EFB-BA94-211526EB65D3}.Debug|Any CPU.Build.0 = Debug|Any CPU
		{3AE1ABB1-AA6F-4EFB-BA94-211526EB65D3}.Release|Any CPU.ActiveCfg = Release|Any CPU
		{3AE1ABB1-AA6F-4EFB-BA94-211526EB65D3}.Release|Any CPU.Build.0 = Release|Any CPU
		{766FB655-F727-45CE-B788-CB2D6B4F8BB4}.Debug|Any CPU.ActiveCfg = Debug|Any CPU
		{766FB655-F727-45CE-B788-CB2D6B4F8BB4}.Debug|Any CPU.Build.0 = Debug|Any CPU
		{766FB655-F727-45CE-B788-CB2D6B4F8BB4}.Release|Any CPU.ActiveCfg = Release|Any CPU
		{766FB655-F727-45CE-B788-CB2D6B4F8BB4}.Release|Any CPU.Build.0 = Release|Any CPU
		{38D00F7B-E637-498A-88C0-7D088B60B6C6}.Debug|Any CPU.ActiveCfg = Debug|Any CPU
		{38D00F7B-E637-498A-88C0-7D088B60B6C6}.Debug|Any CPU.Build.0 = Debug|Any CPU
		{38D00F7B-E637-498A-88C0-7D088B60B6C6}.Release|Any CPU.ActiveCfg = Release|Any CPU
		{38D00F7B-E637-498A-88C0-7D088B60B6C6}.Release|Any CPU.Build.0 = Release|Any CPU
		{2D0029BB-DA31-477B-957A-9CDE561B303B}.Debug|Any CPU.ActiveCfg = Debug|Any CPU
		{2D0029BB-DA31-477B-957A-9CDE561B303B}.Debug|Any CPU.Build.0 = Debug|Any CPU
		{2D0029BB-DA31-477B-957A-9CDE561B303B}.Release|Any CPU.ActiveCfg = Release|Any CPU
		{2D0029BB-DA31-477B-957A-9CDE561B303B}.Release|Any CPU.Build.0 = Release|Any CPU
		{9C4FD1EF-1E0B-47AD-8DC0-968C1FC6DD26}.Debug|Any CPU.ActiveCfg = Debug|Any CPU
		{9C4FD1EF-1E0B-47AD-8DC0-968C1FC6DD26}.Debug|Any CPU.Build.0 = Debug|Any CPU
		{9C4FD1EF-1E0B-47AD-8DC0-968C1FC6DD26}.Release|Any CPU.ActiveCfg = Release|Any CPU
		{9C4FD1EF-1E0B-47AD-8DC0-968C1FC6DD26}.Release|Any CPU.Build.0 = Release|Any CPU
		{BA361599-80AA-4DA2-8620-04A8741549EB}.Debug|Any CPU.ActiveCfg = Debug|Any CPU
		{BA361599-80AA-4DA2-8620-04A8741549EB}.Debug|Any CPU.Build.0 = Debug|Any CPU
		{BA361599-80AA-4DA2-8620-04A8741549EB}.Release|Any CPU.ActiveCfg = Release|Any CPU
		{BA361599-80AA-4DA2-8620-04A8741549EB}.Release|Any CPU.Build.0 = Release|Any CPU
		{B1107E15-0FBA-4BB8-AF65-B5C8C741AD2A}.Debug|Any CPU.ActiveCfg = Debug|Any CPU
		{B1107E15-0FBA-4BB8-AF65-B5C8C741AD2A}.Debug|Any CPU.Build.0 = Debug|Any CPU
		{B1107E15-0FBA-4BB8-AF65-B5C8C741AD2A}.Release|Any CPU.ActiveCfg = Release|Any CPU
		{B1107E15-0FBA-4BB8-AF65-B5C8C741AD2A}.Release|Any CPU.Build.0 = Release|Any CPU
		{0DFFB189-F67F-4C6F-B81C-210F0ABEF87C}.Debug|Any CPU.ActiveCfg = Debug|Any CPU
		{0DFFB189-F67F-4C6F-B81C-210F0ABEF87C}.Debug|Any CPU.Build.0 = Debug|Any CPU
		{0DFFB189-F67F-4C6F-B81C-210F0ABEF87C}.Release|Any CPU.ActiveCfg = Release|Any CPU
		{0DFFB189-F67F-4C6F-B81C-210F0ABEF87C}.Release|Any CPU.Build.0 = Release|Any CPU
	EndGlobalSection
	GlobalSection(SolutionProperties) = preSolution
		HideSolutionNode = FALSE
	EndGlobalSection
	GlobalSection(NestedProjects) = preSolution
		{03974BE7-C8D5-4565-B83A-284342B093A3} = {D06FDC5F-2A05-4FCE-9700-5F4099934077}
		{3AE1ABB1-AA6F-4EFB-BA94-211526EB65D3} = {5D56BDB1-FE21-4378-82FB-F21D73F30236}
		{766FB655-F727-45CE-B788-CB2D6B4F8BB4} = {D06FDC5F-2A05-4FCE-9700-5F4099934077}
		{38D00F7B-E637-498A-88C0-7D088B60B6C6} = {D06FDC5F-2A05-4FCE-9700-5F4099934077}
		{2D0029BB-DA31-477B-957A-9CDE561B303B} = {D06FDC5F-2A05-4FCE-9700-5F4099934077}
		{9C4FD1EF-1E0B-47AD-8DC0-968C1FC6DD26} = {D06FDC5F-2A05-4FCE-9700-5F4099934077}
		{BA361599-80AA-4DA2-8620-04A8741549EB} = {D06FDC5F-2A05-4FCE-9700-5F4099934077}
		{B1107E15-0FBA-4BB8-AF65-B5C8C741AD2A} = {D06FDC5F-2A05-4FCE-9700-5F4099934077}
		{0DFFB189-F67F-4C6F-B81C-210F0ABEF87C} = {5D56BDB1-FE21-4378-82FB-F21D73F30236}
	EndGlobalSection
	GlobalSection(ExtensibilityGlobals) = postSolution
		SolutionGuid = {2EC7E901-FC5D-4D0F-B249-27D5772AC3BE}
	EndGlobalSection
EndGlobal
